
Microsoft Visual Studio Solution File, Format Version 12.00
# Visual Studio Version 17
VisualStudioVersion = 17.4.33213.308
MinimumVisualStudioVersion = 10.0.40219.1
Project("{9A19103F-16F7-4668-BE54-9A1E7A4F7556}") = "TaskAPI", "TaskAPI\TaskAPI.csproj", "{D700D04F-1E5C-4442-9776-D1AF15F1CE47}"
EndProject
Project("{9A19103F-16F7-4668-BE54-9A1E7A4F7556}") = "TaskAPI.Models", "TaskAPI.Models\TaskAPI.Models.csproj", "{CA8E92AA-F560-4733-AF53-1C3E1C3A2582}"
EndProject
Project("{9A19103F-16F7-4668-BE54-9A1E7A4F7556}") = "TaskAPI.Services", "TaskAPI.Services\TaskAPI.Services.csproj", "{F8EE803C-3E39-412C-9888-9134E2DD8D52}"
EndProject
Project("{FAE04EC0-301F-11D3-BF4B-00C04F79EFBC}") = "TaskAPI.DataAccess", "TaskAPI.Dataacess\TaskAPI.DataAccess.csproj", "{183F43A1-46FA-4786-A81E-21EBCFCD4D00}"
EndProject
Global
	GlobalSection(SolutionConfigurationPlatforms) = preSolution
		Debug|Any CPU = Debug|Any CPU
		Release|Any CPU = Release|Any CPU
	EndGlobalSection
	GlobalSection(ProjectConfigurationPlatforms) = postSolution
		{D700D04F-1E5C-4442-9776-D1AF15F1CE47}.Debug|Any CPU.ActiveCfg = Debug|Any CPU
		{D700D04F-1E5C-4442-9776-D1AF15F1CE47}.Debug|Any CPU.Build.0 = Debug|Any CPU
		{D700D04F-1E5C-4442-9776-D1AF15F1CE47}.Release|Any CPU.ActiveCfg = Release|Any CPU
		{D700D04F-1E5C-4442-9776-D1AF15F1CE47}.Release|Any CPU.Build.0 = Release|Any CPU
		{CA8E92AA-F560-4733-AF53-1C3E1C3A2582}.Debug|Any CPU.ActiveCfg = Debug|Any CPU
		{CA8E92AA-F560-4733-AF53-1C3E1C3A2582}.Debug|Any CPU.Build.0 = Debug|Any CPU
		{CA8E92AA-F560-4733-AF53-1C3E1C3A2582}.Release|Any CPU.ActiveCfg = Release|Any CPU
		{CA8E92AA-F560-4733-AF53-1C3E1C3A2582}.Release|Any CPU.Build.0 = Release|Any CPU
		{F8EE803C-3E39-412C-9888-9134E2DD8D52}.Debug|Any CPU.ActiveCfg = Debug|Any CPU
		{F8EE803C-3E39-412C-9888-9134E2DD8D52}.Debug|Any CPU.Build.0 = Debug|Any CPU
		{F8EE803C-3E39-412C-9888-9134E2DD8D52}.Release|Any CPU.ActiveCfg = Release|Any CPU
		{F8EE803C-3E39-412C-9888-9134E2DD8D52}.Release|Any CPU.Build.0 = Release|Any CPU
		{183F43A1-46FA-4786-A81E-21EBCFCD4D00}.Debug|Any CPU.ActiveCfg = Debug|Any CPU
		{183F43A1-46FA-4786-A81E-21EBCFCD4D00}.Debug|Any CPU.Build.0 = Debug|Any CPU
		{183F43A1-46FA-4786-A81E-21EBCFCD4D00}.Release|Any CPU.ActiveCfg = Release|Any CPU
		{183F43A1-46FA-4786-A81E-21EBCFCD4D00}.Release|Any CPU.Build.0 = Release|Any CPU
	EndGlobalSection
	GlobalSection(SolutionProperties) = preSolution
		HideSolutionNode = FALSE
	EndGlobalSection
	GlobalSection(ExtensibilityGlobals) = postSolution
		SolutionGuid = {BA29ACA5-C16A-4F4B-B3EC-9178F72BD568}
	EndGlobalSection
EndGlobal
